{
  "requires": true,
  "lockfileVersion": 1,
  "dependencies": {
    "bignumber.js": {
      "version": "1.1.1",
      "resolved": "https://registry.npmjs.org/bignumber.js/-/bignumber.js-1.1.1.tgz",
      "integrity": "sha512-v3TfuY75nJ7K4ytL0bEPJ+Gjz84dRj4XGYkr/i6PsiqcUCxcB/xHBM0Nk8uRcT75T6scZBt+sgASC7eBwVEoAQ=="
    },
    "dotenv": {
      "version": "16.0.3",
      "resolved": "https://registry.npmjs.org/dotenv/-/dotenv-16.0.3.tgz",
      "integrity": "sha512-7GO6HghkA5fYG9TYnNxi14/7K9f5occMlp3zXAuSxn7CKCxt9xbNWG7yF8hTCSUchlfWSe3uLmlPfigevRItzQ=="
    },
    "json-bigint": {
      "version": "0.1.4",
      "resolved": "https://registry.npmjs.org/json-bigint/-/json-bigint-0.1.4.tgz",
      "integrity": "sha512-uL3zbrHd4qPhn12kK/1dxAj4IdjK0dePtAYrjRxtmBd82A96mjRDbi9gObehB3wuneHClI1eIMgg8Cy+/Q/vRA==",
      "requires": {
        "bignumber.js": "~1.1.1"
      }
    },
    "shopify-node-api": {
      "version": "1.11.1",
      "resolved": "https://registry.npmjs.org/shopify-node-api/-/shopify-node-api-1.11.1.tgz",
      "integrity": "sha512-/lp9agxT58Ki92OAfGprtfuR/GB2Jo47+oYrVx2LACzSN1MeuXief9Izr1Pq2OhaUbJdh5dJ2ekJtf54Vg6eVg==",
      "requires": {
        "json-bigint": "^0.1.4"
      }
    }
  }
}
